PODS:
  - AFNetworking (2.6.3):
    - AFNetworking/NSURLConnection (= 2.6.3)
    - AFNetworking/NSURLSession (= 2.6.3)
    - AFNetworking/Reachability (= 2.6.3)
    - AFNetworking/Security (= 2.6.3)
    - AFNetworking/Serialization (= 2.6.3)
    - AFNetworking/UIKit (= 2.6.3)
  - AFNetworking/NSURLConnection (2.6.3):
    - AFNetworking/Reachability
    - AFNetworking/Security
    - AFNetworking/Serialization
  - AFNetworking/NSURLSession (2.6.3):
    - AFNetworking/Reachability
    - AFNetworking/Security
    - AFNetworking/Serialization
  - AFNetworking/Reachability (2.6.3)
  - AFNetworking/Security (2.6.3)
  - AFNetworking/Serialization (2.6.3)
  - AFNetworking/UIKit (2.6.3):
    - AFNetworking/NSURLConnection
    - AFNetworking/NSURLSession
  - BaiduMapKit (2.10.0)
  - CYLTabBarController (1.2.1)
  - EGOCache (2.1.3)
  - Masonry (0.6.4)
  - MBProgressHUD (0.9.2)
  - MJExtension (3.0.10)
  - MJRefresh (3.1.0)
  - REFrostedViewController (2.4.8)
  - SDWebImage (3.7.5):
    - SDWebImage/Core (= 3.7.5)
  - SDWebImage/Core (3.7.5)
  - SSKeychain (1.3.1)
  - SVProgressHUD (1.1.3)
  - YYKit (1.0.1):
    - YYKit/no-arc (= 1.0.1)
  - YYKit/no-arc (1.0.1)

DEPENDENCIES:
  - AFNetworking (= 2.6.3)
  - BaiduMapKit
  - CYLTabBarController
  - EGOCache
  - Masonry
  - MBProgressHUD
  - MJExtension
  - MJRefresh
  - REFrostedViewController
  - SDWebImage
  - SSKeychain
  - SVProgressHUD
  - YYKit

SPEC CHECKSUMS:
  AFNetworking: cb8d14a848e831097108418f5d49217339d4eb60
  BaiduMapKit: 5df028c6b455d29e68e89694adbcf9d37a4bcc99
  CYLTabBarController: 62ee700d59dc1f42777053e6254933f499ab4564
  EGOCache: f0295dbe041156acabd39021354ad1045ee49e72
  Masonry: 281802d04d787ea2973179ee8bcb50500579ede2
  MBProgressHUD: 1569cf7ace17a8bac47aabfbb8580a49690386d1
  MJExtension: d86aacb740c87519d20e3cca55b6fa4be6cc7548
  MJRefresh: 743e6404967d1c2c688472ea3ecfde247d872db4
  REFrostedViewController: a893b4979ba1f200c547aef9ff4c3fd5a18f5923
  SDWebImage: 69c6303e3348fba97e03f65d65d4fbc26740f461
  SSKeychain: 04c4ec40f4c3deda524e269bc76e5f30e638a174
  SVProgressHUD: 748080e4f36e603f6c02aec292664239df5279c1
  YYKit: 8b618ca8d8cefa534d8d4fe2cad10fe9fbd030ed

COCOAPODS: 0.39.0
